{
  "requires": true,
  "lockfileVersion": 1,
  "dependencies": {
    "select2-theme-bootstrap4": {
      "version": "0.2.0-beta.4",
      "resolved": "https://registry.npmjs.org/select2-theme-bootstrap4/-/select2-theme-bootstrap4-0.2.0-beta.4.tgz",
      "integrity": "sha512-FG9GJdd1syjVvWxkvTrZnEFTvdvyKlBuObLnmRoY2RxQICqcnKdhkUlweGlifdsWJYiWHF342WeGKP5fGJhDQA=="
    }
  }
}
